
Microsoft Visual Studio Solution File, Format Version 12.00
# Visual Studio Version 17
VisualStudioVersion = 17.6.33815.320
MinimumVisualStudioVersion = 10.0.40219.1
Project("{9A19103F-16F7-4668-BE54-9A1E7A4F7556}") = "HomeWork_Lesson7_Task2", "HomeWork_Lesson7_Task2.csproj", "{AB426C38-FC30-47C7-A51C-439A49828C00}"
EndProject
Global
	GlobalSection(SolutionConfigurationPlatforms) = preSolution
		Debug|Any CPU = Debug|Any CPU
		Release|Any CPU = Release|Any CPU
	EndGlobalSection
	GlobalSection(ProjectConfigurationPlatforms) = postSolution
		{AB426C38-FC30-47C7-A51C-439A49828C00}.Debug|Any CPU.ActiveCfg = Debug|Any CPU
		{AB426C38-FC30-47C7-A51C-439A49828C00}.Debug|Any CPU.Build.0 = Debug|Any CPU
		{AB426C38-FC30-47C7-A51C-439A49828C00}.Release|Any CPU.ActiveCfg = Release|Any CPU
		{AB426C38-FC30-47C7-A51C-439A49828C00}.Release|Any CPU.Build.0 = Release|Any CPU
	EndGlobalSection
	GlobalSection(SolutionProperties) = preSolution
		HideSolutionNode = FALSE
	EndGlobalSection
	GlobalSection(ExtensibilityGlobals) = postSolution
		SolutionGuid = {FD5F372B-B2EB-4388-A0D9-4068973FD5CC}
	EndGlobalSection
EndGlobal
